
Microsoft Visual Studio Solution File, Format Version 12.00
# Visual Studio Version 17
VisualStudioVersion = 17.5.002.0
MinimumVisualStudioVersion = 10.0.40219.1
Project("{2150E333-8FDC-42A3-9474-1A3956D46DE8}") = "src", "src", "{ABE677EA-44E1-42F7-8DA9-7617CFD861FE}"
EndProject
Project("{FAE04EC0-301F-11D3-BF4B-00C04F79EFBC}") = "Api", "src\Api\Api.csproj", "{09C8E81E-461A-4FDE-B91E-EE12B78D9945}"
EndProject
Project("{2150E333-8FDC-42A3-9474-1A3956D46DE8}") = "tests", "tests", "{7C1908B3-4BD2-4517-B845-8966BD75525F}"
EndProject
Project("{FAE04EC0-301F-11D3-BF4B-00C04F79EFBC}") = "Api.IntegrationTests", "tests\Api.IntegrationTests\Api.IntegrationTests.csproj", "{87AB6F07-9773-40C5-B103-8E09D135024F}"
EndProject
Project("{FAE04EC0-301F-11D3-BF4B-00C04F79EFBC}") = "DataPointBatchProcessingService", "src\DataPointBatchProcessingService\DataPointBatchProcessingService.csproj", "{AA89F672-6CFF-4A89-8D69-39422A18F851}"
EndProject
Global
	GlobalSection(SolutionConfigurationPlatforms) = preSolution
		Debug|Any CPU = Debug|Any CPU
		Release|Any CPU = Release|Any CPU
	EndGlobalSection
	GlobalSection(ProjectConfigurationPlatforms) = postSolution
		{09C8E81E-461A-4FDE-B91E-EE12B78D9945}.Debug|Any CPU.ActiveCfg = Debug|Any CPU
		{09C8E81E-461A-4FDE-B91E-EE12B78D9945}.Debug|Any CPU.Build.0 = Debug|Any CPU
		{09C8E81E-461A-4FDE-B91E-EE12B78D9945}.Release|Any CPU.ActiveCfg = Release|Any CPU
		{09C8E81E-461A-4FDE-B91E-EE12B78D9945}.Release|Any CPU.Build.0 = Release|Any CPU
		{87AB6F07-9773-40C5-B103-8E09D135024F}.Debug|Any CPU.ActiveCfg = Debug|Any CPU
		{87AB6F07-9773-40C5-B103-8E09D135024F}.Debug|Any CPU.Build.0 = Debug|Any CPU
		{87AB6F07-9773-40C5-B103-8E09D135024F}.Release|Any CPU.ActiveCfg = Release|Any CPU
		{87AB6F07-9773-40C5-B103-8E09D135024F}.Release|Any CPU.Build.0 = Release|Any CPU
		{AA89F672-6CFF-4A89-8D69-39422A18F851}.Debug|Any CPU.ActiveCfg = Debug|Any CPU
		{AA89F672-6CFF-4A89-8D69-39422A18F851}.Debug|Any CPU.Build.0 = Debug|Any CPU
		{AA89F672-6CFF-4A89-8D69-39422A18F851}.Release|Any CPU.ActiveCfg = Release|Any CPU
		{AA89F672-6CFF-4A89-8D69-39422A18F851}.Release|Any CPU.Build.0 = Release|Any CPU
	EndGlobalSection
	GlobalSection(SolutionProperties) = preSolution
		HideSolutionNode = FALSE
	EndGlobalSection
	GlobalSection(NestedProjects) = preSolution
		{09C8E81E-461A-4FDE-B91E-EE12B78D9945} = {ABE677EA-44E1-42F7-8DA9-7617CFD861FE}
		{87AB6F07-9773-40C5-B103-8E09D135024F} = {7C1908B3-4BD2-4517-B845-8966BD75525F}
		{AA89F672-6CFF-4A89-8D69-39422A18F851} = {ABE677EA-44E1-42F7-8DA9-7617CFD861FE}
	EndGlobalSection
	GlobalSection(ExtensibilityGlobals) = postSolution
		SolutionGuid = {E6314F71-05B4-426B-A6DD-0E4FCB04B6E2}
	EndGlobalSection
EndGlobal
